
Microsoft Visual Studio Solution File, Format Version 12.00
# Visual Studio Version 16
VisualStudioVersion = 16.0.34729.46
MinimumVisualStudioVersion = 10.0.40219.1
Project("{2150E333-8FDC-42A3-9474-1A3956D46DE8}") = "Src", "Src", "{B9884911-5CDD-47FB-84CE-1781BADAB9C3}"
EndProject
Project("{2150E333-8FDC-42A3-9474-1A3956D46DE8}") = "Test", "Test", "{AC8C2A21-5B06-45B0-95D9-199CB6085C4A}"
EndProject
Project("{9A19103F-16F7-4668-BE54-9A1E7A4F7556}") = "Orz.Common", "Src\Orz.Common\Orz.Common.csproj", "{00F2F3E4-F372-48A7-82AD-D934B3B56CD1}"
EndProject
Project("{9A19103F-16F7-4668-BE54-9A1E7A4F7556}") = "Orz.Unity", "Src\Orz.Unity\Orz.Unity.csproj", "{C774C1DF-206A-4A3F-A3B5-E5E76D41F07E}"
EndProject
Project("{9A19103F-16F7-4668-BE54-9A1E7A4F7556}") = "ConsoleApp", "Test\ConsoleApp\ConsoleApp.csproj", "{EA3ABD47-2C3C-4207-91A1-08745BC58C46}"
EndProject
Project("{9A19103F-16F7-4668-BE54-9A1E7A4F7556}") = "Orz.Unity.Test", "Test\Orz.Unity.Test\Orz.Unity.Test.csproj", "{E7EFDF5D-7EDE-47B6-8F80-F0D4FE3ED3BB}"
EndProject
Project("{9A19103F-16F7-4668-BE54-9A1E7A4F7556}") = "Orz.Unity.Interfaces", "Test\Orz.Unity.Interfaces\Orz.Unity.Interfaces.csproj", "{8A7FFC09-5F95-4182-BB89-F2D735761EF1}"
EndProject
Project("{9A19103F-16F7-4668-BE54-9A1E7A4F7556}") = "Orz.Unity.Implement", "Test\Orz.Unity.Implement\Orz.Unity.Implement.csproj", "{352B57FC-1A70-45C3-A837-6404E86D277B}"
EndProject
Project("{9A19103F-16F7-4668-BE54-9A1E7A4F7556}") = "Orz.Common.Test", "Test\Orz.Common.Test\Orz.Common.Test.csproj", "{DC30E66F-0CCD-4450-89B1-1FE188694D41}"
EndProject
Project("{9A19103F-16F7-4668-BE54-9A1E7A4F7556}") = "Orz.Consul", "Src\Orz.Consul\Orz.Consul.csproj", "{C399E789-FF02-479B-95A3-1E9971E0A641}"
EndProject
Project("{2150E333-8FDC-42A3-9474-1A3956D46DE8}") = "Study", "Study", "{BC46B4F9-A399-4281-8870-650DC9507795}"
EndProject
Project("{9A19103F-16F7-4668-BE54-9A1E7A4F7556}") = "Orz.Autofac", "Src\Orz.Autofac\Orz.Autofac.csproj", "{921B72FD-C0F0-4279-B531-C54DD3D20E62}"
EndProject
Project("{9A19103F-16F7-4668-BE54-9A1E7A4F7556}") = "Orz.Autofac.Interfaces", "Test\Orz.Autofac.Interfaces\Orz.Autofac.Interfaces.csproj", "{A63AF92F-0D92-494B-8432-2034EFC2E8F1}"
EndProject
Project("{9A19103F-16F7-4668-BE54-9A1E7A4F7556}") = "Orz.Autofac.Implement", "Test\Orz.Autofac.Implement\Orz.Autofac.Implement.csproj", "{DE15504E-3A29-41A2-945F-63666D68A6BD}"
EndProject
Project("{9A19103F-16F7-4668-BE54-9A1E7A4F7556}") = "Orz.Autofac.Test", "Test\Orz.Autofac.Test\Orz.Autofac.Test.csproj", "{D1C907DC-5BA5-43FF-A8B2-E585D08737E4}"
EndProject
Project("{FAE04EC0-301F-11D3-BF4B-00C04F79EFBC}") = "Orz.Common.MSTest", "Test\Orz.Common.MSTest\Orz.Common.MSTest.csproj", "{EC587B9D-07F8-4A42-953E-9BF590B5BE58}"
EndProject
Global
	GlobalSection(SolutionConfigurationPlatforms) = preSolution
		Debug|Any CPU = Debug|Any CPU
		Release|Any CPU = Release|Any CPU
	EndGlobalSection
	GlobalSection(ProjectConfigurationPlatforms) = postSolution
		{00F2F3E4-F372-48A7-82AD-D934B3B56CD1}.Debug|Any CPU.ActiveCfg = Debug|Any CPU
		{00F2F3E4-F372-48A7-82AD-D934B3B56CD1}.Debug|Any CPU.Build.0 = Debug|Any CPU
		{00F2F3E4-F372-48A7-82AD-D934B3B56CD1}.Release|Any CPU.ActiveCfg = Release|Any CPU
		{00F2F3E4-F372-48A7-82AD-D934B3B56CD1}.Release|Any CPU.Build.0 = Release|Any CPU
		{C774C1DF-206A-4A3F-A3B5-E5E76D41F07E}.Debug|Any CPU.ActiveCfg = Debug|Any CPU
		{C774C1DF-206A-4A3F-A3B5-E5E76D41F07E}.Debug|Any CPU.Build.0 = Debug|Any CPU
		{C774C1DF-206A-4A3F-A3B5-E5E76D41F07E}.Release|Any CPU.ActiveCfg = Release|Any CPU
		{C774C1DF-206A-4A3F-A3B5-E5E76D41F07E}.Release|Any CPU.Build.0 = Release|Any CPU
		{EA3ABD47-2C3C-4207-91A1-08745BC58C46}.Debug|Any CPU.ActiveCfg = Debug|Any CPU
		{EA3ABD47-2C3C-4207-91A1-08745BC58C46}.Debug|Any CPU.Build.0 = Debug|Any CPU
		{EA3ABD47-2C3C-4207-91A1-08745BC58C46}.Release|Any CPU.ActiveCfg = Release|Any CPU
		{EA3ABD47-2C3C-4207-91A1-08745BC58C46}.Release|Any CPU.Build.0 = Release|Any CPU
		{E7EFDF5D-7EDE-47B6-8F80-F0D4FE3ED3BB}.Debug|Any CPU.ActiveCfg = Debug|Any CPU
		{E7EFDF5D-7EDE-47B6-8F80-F0D4FE3ED3BB}.Debug|Any CPU.Build.0 = Debug|Any CPU
		{E7EFDF5D-7EDE-47B6-8F80-F0D4FE3ED3BB}.Release|Any CPU.ActiveCfg = Release|Any CPU
		{E7EFDF5D-7EDE-47B6-8F80-F0D4FE3ED3BB}.Release|Any CPU.Build.0 = Release|Any CPU
		{8A7FFC09-5F95-4182-BB89-F2D735761EF1}.Debug|Any CPU.ActiveCfg = Debug|Any CPU
		{8A7FFC09-5F95-4182-BB89-F2D735761EF1}.Debug|Any CPU.Build.0 = Debug|Any CPU
		{8A7FFC09-5F95-4182-BB89-F2D735761EF1}.Release|Any CPU.ActiveCfg = Release|Any CPU
		{8A7FFC09-5F95-4182-BB89-F2D735761EF1}.Release|Any CPU.Build.0 = Release|Any CPU
		{352B57FC-1A70-45C3-A837-6404E86D277B}.Debug|Any CPU.ActiveCfg = Debug|Any CPU
		{352B57FC-1A70-45C3-A837-6404E86D277B}.Debug|Any CPU.Build.0 = Debug|Any CPU
		{352B57FC-1A70-45C3-A837-6404E86D277B}.Release|Any CPU.ActiveCfg = Release|Any CPU
		{352B57FC-1A70-45C3-A837-6404E86D277B}.Release|Any CPU.Build.0 = Release|Any CPU
		{DC30E66F-0CCD-4450-89B1-1FE188694D41}.Debug|Any CPU.ActiveCfg = Debug|Any CPU
		{DC30E66F-0CCD-4450-89B1-1FE188694D41}.Debug|Any CPU.Build.0 = Debug|Any CPU
		{DC30E66F-0CCD-4450-89B1-1FE188694D41}.Release|Any CPU.ActiveCfg = Release|Any CPU
		{DC30E66F-0CCD-4450-89B1-1FE188694D41}.Release|Any CPU.Build.0 = Release|Any CPU
		{C399E789-FF02-479B-95A3-1E9971E0A641}.Debug|Any CPU.ActiveCfg = Debug|Any CPU
		{C399E789-FF02-479B-95A3-1E9971E0A641}.Debug|Any CPU.Build.0 = Debug|Any CPU
		{C399E789-FF02-479B-95A3-1E9971E0A641}.Release|Any CPU.ActiveCfg = Release|Any CPU
		{C399E789-FF02-479B-95A3-1E9971E0A641}.Release|Any CPU.Build.0 = Release|Any CPU
		{921B72FD-C0F0-4279-B531-C54DD3D20E62}.Debug|Any CPU.ActiveCfg = Debug|Any CPU
		{921B72FD-C0F0-4279-B531-C54DD3D20E62}.Debug|Any CPU.Build.0 = Debug|Any CPU
		{921B72FD-C0F0-4279-B531-C54DD3D20E62}.Release|Any CPU.ActiveCfg = Release|Any CPU
		{921B72FD-C0F0-4279-B531-C54DD3D20E62}.Release|Any CPU.Build.0 = Release|Any CPU
		{A63AF92F-0D92-494B-8432-2034EFC2E8F1}.Debug|Any CPU.ActiveCfg = Debug|Any CPU
		{A63AF92F-0D92-494B-8432-2034EFC2E8F1}.Debug|Any CPU.Build.0 = Debug|Any CPU
		{A63AF92F-0D92-494B-8432-2034EFC2E8F1}.Release|Any CPU.ActiveCfg = Release|Any CPU
		{A63AF92F-0D92-494B-8432-2034EFC2E8F1}.Release|Any CPU.Build.0 = Release|Any CPU
		{DE15504E-3A29-41A2-945F-63666D68A6BD}.Debug|Any CPU.ActiveCfg = Debug|Any CPU
		{DE15504E-3A29-41A2-945F-63666D68A6BD}.Debug|Any CPU.Build.0 = Debug|Any CPU
		{DE15504E-3A29-41A2-945F-63666D68A6BD}.Release|Any CPU.ActiveCfg = Release|Any CPU
		{DE15504E-3A29-41A2-945F-63666D68A6BD}.Release|Any CPU.Build.0 = Release|Any CPU
		{D1C907DC-5BA5-43FF-A8B2-E585D08737E4}.Debug|Any CPU.ActiveCfg = Debug|Any CPU
		{D1C907DC-5BA5-43FF-A8B2-E585D08737E4}.Debug|Any CPU.Build.0 = Debug|Any CPU
		{D1C907DC-5BA5-43FF-A8B2-E585D08737E4}.Release|Any CPU.ActiveCfg = Release|Any CPU
		{D1C907DC-5BA5-43FF-A8B2-E585D08737E4}.Release|Any CPU.Build.0 = Release|Any CPU
		{EC587B9D-07F8-4A42-953E-9BF590B5BE58}.Debug|Any CPU.ActiveCfg = Debug|Any CPU
		{EC587B9D-07F8-4A42-953E-9BF590B5BE58}.Debug|Any CPU.Build.0 = Debug|Any CPU
		{EC587B9D-07F8-4A42-953E-9BF590B5BE58}.Release|Any CPU.ActiveCfg = Release|Any CPU
		{EC587B9D-07F8-4A42-953E-9BF590B5BE58}.Release|Any CPU.Build.0 = Release|Any CPU
	EndGlobalSection
	GlobalSection(SolutionProperties) = preSolution
		HideSolutionNode = FALSE
	EndGlobalSection
	GlobalSection(NestedProjects) = preSolution
		{00F2F3E4-F372-48A7-82AD-D934B3B56CD1} = {B9884911-5CDD-47FB-84CE-1781BADAB9C3}
		{C774C1DF-206A-4A3F-A3B5-E5E76D41F07E} = {B9884911-5CDD-47FB-84CE-1781BADAB9C3}
		{EA3ABD47-2C3C-4207-91A1-08745BC58C46} = {AC8C2A21-5B06-45B0-95D9-199CB6085C4A}
		{E7EFDF5D-7EDE-47B6-8F80-F0D4FE3ED3BB} = {AC8C2A21-5B06-45B0-95D9-199CB6085C4A}
		{8A7FFC09-5F95-4182-BB89-F2D735761EF1} = {AC8C2A21-5B06-45B0-95D9-199CB6085C4A}
		{352B57FC-1A70-45C3-A837-6404E86D277B} = {AC8C2A21-5B06-45B0-95D9-199CB6085C4A}
		{DC30E66F-0CCD-4450-89B1-1FE188694D41} = {AC8C2A21-5B06-45B0-95D9-199CB6085C4A}
		{C399E789-FF02-479B-95A3-1E9971E0A641} = {B9884911-5CDD-47FB-84CE-1781BADAB9C3}
		{921B72FD-C0F0-4279-B531-C54DD3D20E62} = {B9884911-5CDD-47FB-84CE-1781BADAB9C3}
		{A63AF92F-0D92-494B-8432-2034EFC2E8F1} = {AC8C2A21-5B06-45B0-95D9-199CB6085C4A}
		{DE15504E-3A29-41A2-945F-63666D68A6BD} = {AC8C2A21-5B06-45B0-95D9-199CB6085C4A}
		{D1C907DC-5BA5-43FF-A8B2-E585D08737E4} = {AC8C2A21-5B06-45B0-95D9-199CB6085C4A}
		{EC587B9D-07F8-4A42-953E-9BF590B5BE58} = {AC8C2A21-5B06-45B0-95D9-199CB6085C4A}
	EndGlobalSection
	GlobalSection(ExtensibilityGlobals) = postSolution
		SolutionGuid = {AB4DE66D-EABD-48AE-B96C-37082AE0F2BD}
	EndGlobalSection
EndGlobal
